
Microsoft Visual Studio Solution File, Format Version 12.00
# Visual Studio Version 17
VisualStudioVersion = 17.3.32811.315
MinimumVisualStudioVersion = 10.0.40219.1
Project("{9A19103F-16F7-4668-BE54-9A1E7A4F7556}") = "DataAccess", "DataAccess\DataAccess.csproj", "{B5365E7F-5C25-41D0-9599-200AB3385661}"
EndProject
Project("{9A19103F-16F7-4668-BE54-9A1E7A4F7556}") = "Business", "Business\Business.csproj", "{306F34BC-DF7D-4260-8AD9-B0BC8F4C00BC}"
EndProject
Project("{9A19103F-16F7-4668-BE54-9A1E7A4F7556}") = "Entities", "Entities\Entities.csproj", "{367F3DA8-F6F4-4B3E-AB1D-17FE94427138}"
EndProject
Project("{9A19103F-16F7-4668-BE54-9A1E7A4F7556}") = "WebAPI", "WebAPI\WebAPI.csproj", "{A9619888-545B-4233-AA50-FCCA25C948C2}"
EndProject
Project("{9A19103F-16F7-4668-BE54-9A1E7A4F7556}") = "Core", "Core\Core.csproj", "{86B18B33-B250-41D6-88DB-B890A23DBDCA}"
EndProject
Global
	GlobalSection(SolutionConfigurationPlatforms) = preSolution
		Debug|Any CPU = Debug|Any CPU
		Release|Any CPU = Release|Any CPU
	EndGlobalSection
	GlobalSection(ProjectConfigurationPlatforms) = postSolution
		{B5365E7F-5C25-41D0-9599-200AB3385661}.Debug|Any CPU.ActiveCfg = Debug|Any CPU
		{B5365E7F-5C25-41D0-9599-200AB3385661}.Debug|Any CPU.Build.0 = Debug|Any CPU
		{B5365E7F-5C25-41D0-9599-200AB3385661}.Release|Any CPU.ActiveCfg = Release|Any CPU
		{B5365E7F-5C25-41D0-9599-200AB3385661}.Release|Any CPU.Build.0 = Release|Any CPU
		{306F34BC-DF7D-4260-8AD9-B0BC8F4C00BC}.Debug|Any CPU.ActiveCfg = Debug|Any CPU
		{306F34BC-DF7D-4260-8AD9-B0BC8F4C00BC}.Debug|Any CPU.Build.0 = Debug|Any CPU
		{306F34BC-DF7D-4260-8AD9-B0BC8F4C00BC}.Release|Any CPU.ActiveCfg = Release|Any CPU
		{306F34BC-DF7D-4260-8AD9-B0BC8F4C00BC}.Release|Any CPU.Build.0 = Release|Any CPU
		{367F3DA8-F6F4-4B3E-AB1D-17FE94427138}.Debug|Any CPU.ActiveCfg = Debug|Any CPU
		{367F3DA8-F6F4-4B3E-AB1D-17FE94427138}.Debug|Any CPU.Build.0 = Debug|Any CPU
		{367F3DA8-F6F4-4B3E-AB1D-17FE94427138}.Release|Any CPU.ActiveCfg = Release|Any CPU
		{367F3DA8-F6F4-4B3E-AB1D-17FE94427138}.Release|Any CPU.Build.0 = Release|Any CPU
		{A9619888-545B-4233-AA50-FCCA25C948C2}.Debug|Any CPU.ActiveCfg = Debug|Any CPU
		{A9619888-545B-4233-AA50-FCCA25C948C2}.Debug|Any CPU.Build.0 = Debug|Any CPU
		{A9619888-545B-4233-AA50-FCCA25C948C2}.Release|Any CPU.ActiveCfg = Release|Any CPU
		{A9619888-545B-4233-AA50-FCCA25C948C2}.Release|Any CPU.Build.0 = Release|Any CPU
		{86B18B33-B250-41D6-88DB-B890A23DBDCA}.Debug|Any CPU.ActiveCfg = Debug|Any CPU
		{86B18B33-B250-41D6-88DB-B890A23DBDCA}.Debug|Any CPU.Build.0 = Debug|Any CPU
		{86B18B33-B250-41D6-88DB-B890A23DBDCA}.Release|Any CPU.ActiveCfg = Release|Any CPU
		{86B18B33-B250-41D6-88DB-B890A23DBDCA}.Release|Any CPU.Build.0 = Release|Any CPU
	EndGlobalSection
	GlobalSection(SolutionProperties) = preSolution
		HideSolutionNode = FALSE
	EndGlobalSection
	GlobalSection(ExtensibilityGlobals) = postSolution
		SolutionGuid = {FB7BF2B4-40EF-450D-95F9-5E2CAC9E8E0D}
	EndGlobalSection
EndGlobal
